
Microsoft Visual Studio Solution File, Format Version 12.00
# Visual Studio Version 16
VisualStudioVersion = 16.0.30204.135
MinimumVisualStudioVersion = 10.0.40219.1
Project("{8BC9CEB8-8B4A-11D0-8D11-00A0C91BC942}") = "C867_PA", "C867_PA.vcxproj", "{C995DE14-7BA1-4ACF-AC9E-9E8F2A485A49}"
EndProject
Global
	GlobalSection(SolutionConfigurationPlatforms) = preSolution
		Debug|x64 = Debug|x64
		Debug|x86 = Debug|x86
		Release|x64 = Release|x64
		Release|x86 = Release|x86
	EndGlobalSection
	GlobalSection(ProjectConfigurationPlatforms) = postSolution
		{C995DE14-7BA1-4ACF-AC9E-9E8F2A485A49}.Debug|x64.ActiveCfg = Debug|x64
		{C995DE14-7BA1-4ACF-AC9E-9E8F2A485A49}.Debug|x64.Build.0 = Debug|x64
		{C995DE14-7BA1-4ACF-AC9E-9E8F2A485A49}.Debug|x86.ActiveCfg = Debug|Win32
		{C995DE14-7BA1-4ACF-AC9E-9E8F2A485A49}.Debug|x86.Build.0 = Debug|Win32
		{C995DE14-7BA1-4ACF-AC9E-9E8F2A485A49}.Release|x64.ActiveCfg = Release|x64
		{C995DE14-7BA1-4ACF-AC9E-9E8F2A485A49}.Release|x64.Build.0 = Release|x64
		{C995DE14-7BA1-4ACF-AC9E-9E8F2A485A49}.Release|x86.ActiveCfg = Release|Win32
		{C995DE14-7BA1-4ACF-AC9E-9E8F2A485A49}.Release|x86.Build.0 = Release|Win32
	EndGlobalSection
	GlobalSection(SolutionProperties) = preSolution
		HideSolutionNode = FALSE
	EndGlobalSection
	GlobalSection(ExtensibilityGlobals) = postSolution
		SolutionGuid = {20D18A4D-4812-47CE-A726-033575486A1C}
	EndGlobalSection
EndGlobal
